
Microsoft Visual Studio Solution File, Format Version 12.00
# Visual Studio Version 17
VisualStudioVersion = 17.10.35004.147
MinimumVisualStudioVersion = 10.0.40219.1
Project("{FAE04EC0-301F-11D3-BF4B-00C04F79EFBC}") = "ASM2", "ASM2\ASM2.csproj", "{078F7586-3E34-4127-B733-484D50B72F97}"
EndProject
Project("{FAE04EC0-301F-11D3-BF4B-00C04F79EFBC}") = "TestProject1", "TestProject1\TestProject1.csproj", "{37B76E66-248B-4925-AA39-15934003A088}"
EndProject
Global
	GlobalSection(SolutionConfigurationPlatforms) = preSolution
		Debug|Any CPU = Debug|Any CPU
		Release|Any CPU = Release|Any CPU
	EndGlobalSection
	GlobalSection(ProjectConfigurationPlatforms) = postSolution
		{078F7586-3E34-4127-B733-484D50B72F97}.Debug|Any CPU.ActiveCfg = Debug|Any CPU
		{078F7586-3E34-4127-B733-484D50B72F97}.Debug|Any CPU.Build.0 = Debug|Any CPU
		{078F7586-3E34-4127-B733-484D50B72F97}.Release|Any CPU.ActiveCfg = Release|Any CPU
		{078F7586-3E34-4127-B733-484D50B72F97}.Release|Any CPU.Build.0 = Release|Any CPU
		{37B76E66-248B-4925-AA39-15934003A088}.Debug|Any CPU.ActiveCfg = Debug|Any CPU
		{37B76E66-248B-4925-AA39-15934003A088}.Debug|Any CPU.Build.0 = Debug|Any CPU
		{37B76E66-248B-4925-AA39-15934003A088}.Release|Any CPU.ActiveCfg = Release|Any CPU
		{37B76E66-248B-4925-AA39-15934003A088}.Release|Any CPU.Build.0 = Release|Any CPU
	EndGlobalSection
	GlobalSection(SolutionProperties) = preSolution
		HideSolutionNode = FALSE
	EndGlobalSection
	GlobalSection(ExtensibilityGlobals) = postSolution
		SolutionGuid = {0A10DA17-CCB6-494B-BDC9-42BA44F6AC93}
	EndGlobalSection
EndGlobal
